<?xml version="1.0" encoding="utf-8"?>
<Project ToolsVersion="4.0" xmlns="http://schemas.microsoft.com/developer/msbuild/2003">
  <ItemGroup>
    <Filter Include="lsover">
      <UniqueIdentifier>{09b797f6-bf0f-4136-9272-987da99fda33}</UniqueIdentifier>
    </Filter>
  </ItemGroup>
  <ItemGroup>
    <ClCompile Include="SparseMatrixCV-lsover.cpp" />
    <ClCompile Include="SparseMatrixCV.cpp" />
  </ItemGroup>
  <ItemGroup>
    <ClInclude Include="lsolver\bicgsq.h">
      <Filter>lsover</Filter>
    </ClInclude>
    <ClInclude Include="lsolver\bicgstab.h">
      <Filter>lsover</Filter>
    </ClInclude>
    <ClInclude Include="lsolver\cblas.h">
      <Filter>lsover</Filter>
    </ClInclude>
    <ClInclude Include="lsolver\cghs.h">
      <Filter>lsover</Filter>
    </ClInclude>
    <ClInclude Include="lsolver\gmres.h">
      <Filter>lsover</Filter>
    </ClInclude>
    <ClInclude Include="SparseMatrixCV.h" />
  </ItemGroup>
</Project>