<?xml version="1.0" encoding="UTF-8" standalone="yes" ?>
<CodeBlocks_project_file>
	<FileVersion major="1" minor="6" />
	<Project>
		<Option title="SparseMatrixCV" />
		<Option pch_mode="2" />
		<Option compiler="gnu_gcc_compiler_x64" />
		<Build>
			<Target title="Debug">
				<Option output="../libs/Debug/SparseMatrixCV" prefix_auto="1" extension_auto="1" />
				<Option working_dir="" />
				<Option object_output="obj/Debug/" />
				<Option type="2" />
				<Option compiler="gcc" />
				<Option createDefFile="1" />
				<Compiler>
					<Add option="-std=c++11" />
					<Add option="-Wall" />
					<Add option="-g" />
				</Compiler>
				<Linker>
					<Add library="libSparseMatrix.a" />
				</Linker>
			</Target>
			<Target title="Release">
				<Option output="../libs/Release/SparseMatrixCV" prefix_auto="1" extension_auto="1" />
				<Option working_dir="" />
				<Option object_output="obj/Release/" />
				<Option type="2" />
				<Option compiler="gcc" />
				<Option createDefFile="1" />
				<Compiler>
					<Add option="-O2" />
					<Add option="-std=c++11" />
					<Add option="-Wall" />
				</Compiler>
				<Linker>
					<Add option="-s" />
					<Add library="libSparseMatrix.a" />
				</Linker>
			</Target>
			<Target title="Test">
				<Option output="bin/Debug/SparseMatrixCV" prefix_auto="1" extension_auto="1" />
				<Option working_dir="bin/Debug" />
				<Option object_output="obj/Debug/" />
				<Option type="1" />
				<Option compiler="gcc" />
				<Compiler>
					<Add option="-std=c++11" />
					<Add option="-Wextra" />
					<Add option="-Wall" />
					<Add option="-g" />
					<Add directory="../libs/gtest/include" />
				</Compiler>
				<Linker>
					<Add option="`pkg-config --libs opencv`" />
					<Add library="libSparseMatrix.a" />
					<Add library="libgtest.a" />
					<Add library="libpthread.a" />
					<Add library="libgomp.a" />
					<Add directory="../libs/gtest/" />
					<Add directory="../libs/Debug" />
				</Linker>
			</Target>
		</Build>
		<Compiler>
			<Add option="-fopenmp" />
		</Compiler>
		<Unit filename="SparseMatrixCV.cpp" />
		<Unit filename="SparseMatrixCV.h" />
		<Unit filename="test/SparseMatrixCVTest.cpp">
			<Option target="Test" />
		</Unit>
		<Unit filename="test/SparseMatrixCVTest.h">
			<Option target="Test" />
		</Unit>
		<Unit filename="test/test.cpp">
			<Option target="Test" />
		</Unit>
		<Extensions>
			<code_completion />
			<envvars />
			<debugger />
		</Extensions>
	</Project>
</CodeBlocks_project_file>
