
Microsoft Visual Studio Solution File, Format Version 11.00
# Visual Studio 2010
Project("{8BC9CEB8-8B4A-11D0-8D11-00A0C91BC942}") = "VesselNess", "VesselNess\VesselNess.vcxproj", "{8C1B273B-B6D3-44B9-84EB-F0A1E33F3CED}"
EndProject
Project("{8BC9CEB8-8B4A-11D0-8D11-00A0C91BC942}") = "ModelFitting", "ModelFitting\ModelFitting.vcxproj", "{BC8B11D4-A2AC-4DCA-BD34-12D599F0F3B1}"
	ProjectSection(ProjectDependencies) = postProject
		{8C1B273B-B6D3-44B9-84EB-F0A1E33F3CED} = {8C1B273B-B6D3-44B9-84EB-F0A1E33F3CED}
		{D9EEC145-010A-4626-980D-B972282F6211} = {D9EEC145-010A-4626-980D-B972282F6211}
		{E334D7B0-88EF-4A25-B558-AC8302FE15E3} = {E334D7B0-88EF-4A25-B558-AC8302FE15E3}
	EndProjectSection
EndProject
Project("{8BC9CEB8-8B4A-11D0-8D11-00A0C91BC942}") = "SparseMatrixCV", "SparseMatrixCV\SparseMatrixCV.vcxproj", "{E334D7B0-88EF-4A25-B558-AC8302FE15E3}"
EndProject
Project("{8BC9CEB8-8B4A-11D0-8D11-00A0C91BC942}") = "SparseMatrix", "SparseMatrix\SparseMatrix.vcxproj", "{D9EEC145-010A-4626-980D-B972282F6211}"
EndProject
Project("{8BC9CEB8-8B4A-11D0-8D11-00A0C91BC942}") = "EigenDecomp", "EigenDecomp\EigenDecomp.vcxproj", "{53369472-FCA1-4E58-B50E-FBA026918D9E}"
EndProject
Global
	GlobalSection(SolutionConfigurationPlatforms) = preSolution
		Debug|x64 = Debug|x64
		Release|x64 = Release|x64
	EndGlobalSection
	GlobalSection(ProjectConfigurationPlatforms) = postSolution
		{8C1B273B-B6D3-44B9-84EB-F0A1E33F3CED}.Debug|x64.ActiveCfg = Debug|x64
		{8C1B273B-B6D3-44B9-84EB-F0A1E33F3CED}.Debug|x64.Build.0 = Debug|x64
		{8C1B273B-B6D3-44B9-84EB-F0A1E33F3CED}.Release|x64.ActiveCfg = Release|x64
		{8C1B273B-B6D3-44B9-84EB-F0A1E33F3CED}.Release|x64.Build.0 = Release|x64
		{BC8B11D4-A2AC-4DCA-BD34-12D599F0F3B1}.Debug|x64.ActiveCfg = Debug|x64
		{BC8B11D4-A2AC-4DCA-BD34-12D599F0F3B1}.Debug|x64.Build.0 = Debug|x64
		{BC8B11D4-A2AC-4DCA-BD34-12D599F0F3B1}.Release|x64.ActiveCfg = Release|x64
		{BC8B11D4-A2AC-4DCA-BD34-12D599F0F3B1}.Release|x64.Build.0 = Release|x64
		{E334D7B0-88EF-4A25-B558-AC8302FE15E3}.Debug|x64.ActiveCfg = Debug|x64
		{E334D7B0-88EF-4A25-B558-AC8302FE15E3}.Debug|x64.Build.0 = Debug|x64
		{E334D7B0-88EF-4A25-B558-AC8302FE15E3}.Release|x64.ActiveCfg = Release|x64
		{E334D7B0-88EF-4A25-B558-AC8302FE15E3}.Release|x64.Build.0 = Release|x64
		{D9EEC145-010A-4626-980D-B972282F6211}.Debug|x64.ActiveCfg = Debug|x64
		{D9EEC145-010A-4626-980D-B972282F6211}.Debug|x64.Build.0 = Debug|x64
		{D9EEC145-010A-4626-980D-B972282F6211}.Release|x64.ActiveCfg = Release|x64
		{D9EEC145-010A-4626-980D-B972282F6211}.Release|x64.Build.0 = Release|x64
		{53369472-FCA1-4E58-B50E-FBA026918D9E}.Debug|x64.ActiveCfg = Debug|x64
		{53369472-FCA1-4E58-B50E-FBA026918D9E}.Debug|x64.Build.0 = Debug|x64
		{53369472-FCA1-4E58-B50E-FBA026918D9E}.Release|x64.ActiveCfg = Release|x64
		{53369472-FCA1-4E58-B50E-FBA026918D9E}.Release|x64.Build.0 = Release|x64
	EndGlobalSection
	GlobalSection(SolutionProperties) = preSolution
		HideSolutionNode = FALSE
	EndGlobalSection
EndGlobal
