
Microsoft Visual Studio Solution File, Format Version 11.00
# Visual Studio 2010
Project("{8BC9CEB8-8B4A-11D0-8D11-00A0C91BC942}") = "VesselNess", "VesselNess\VesselNess.vcxproj", "{8C1B273B-B6D3-44B9-84EB-F0A1E33F3CED}"
EndProject
Project("{8BC9CEB8-8B4A-11D0-8D11-00A0C91BC942}") = "glWin", "Visualization\glWin.vcxproj", "{7576421F-07EA-4A04-BAE0-B11D3FE40D33}"
EndProject
Project("{8BC9CEB8-8B4A-11D0-8D11-00A0C91BC942}") = "ModelFitting", "ModelFitting\ModelFitting.vcxproj", "{BC8B11D4-A2AC-4DCA-BD34-12D599F0F3B1}"
EndProject
Global
	GlobalSection(SolutionConfigurationPlatforms) = preSolution
		Debug|Win32 = Debug|Win32
		Debug|x64 = Debug|x64
		Release|Win32 = Release|Win32
		Release|x64 = Release|x64
	EndGlobalSection
	GlobalSection(ProjectConfigurationPlatforms) = postSolution
		{8C1B273B-B6D3-44B9-84EB-F0A1E33F3CED}.Debug|Win32.ActiveCfg = Debug|Win32
		{8C1B273B-B6D3-44B9-84EB-F0A1E33F3CED}.Debug|Win32.Build.0 = Debug|Win32
		{8C1B273B-B6D3-44B9-84EB-F0A1E33F3CED}.Debug|x64.ActiveCfg = Debug|x64
		{8C1B273B-B6D3-44B9-84EB-F0A1E33F3CED}.Release|Win32.ActiveCfg = Release|Win32
		{8C1B273B-B6D3-44B9-84EB-F0A1E33F3CED}.Release|x64.ActiveCfg = Release|x64
		{8C1B273B-B6D3-44B9-84EB-F0A1E33F3CED}.Release|x64.Build.0 = Release|x64
		{7576421F-07EA-4A04-BAE0-B11D3FE40D33}.Debug|Win32.ActiveCfg = Debug|Win32
		{7576421F-07EA-4A04-BAE0-B11D3FE40D33}.Debug|Win32.Build.0 = Debug|Win32
		{7576421F-07EA-4A04-BAE0-B11D3FE40D33}.Debug|x64.ActiveCfg = Debug|x64
		{7576421F-07EA-4A04-BAE0-B11D3FE40D33}.Release|Win32.ActiveCfg = Release|Win32
		{7576421F-07EA-4A04-BAE0-B11D3FE40D33}.Release|Win32.Build.0 = Release|Win32
		{7576421F-07EA-4A04-BAE0-B11D3FE40D33}.Release|x64.ActiveCfg = Release|x64
		{BC8B11D4-A2AC-4DCA-BD34-12D599F0F3B1}.Debug|Win32.ActiveCfg = Debug|Win32
		{BC8B11D4-A2AC-4DCA-BD34-12D599F0F3B1}.Debug|Win32.Build.0 = Debug|Win32
		{BC8B11D4-A2AC-4DCA-BD34-12D599F0F3B1}.Debug|x64.ActiveCfg = Debug|x64
		{BC8B11D4-A2AC-4DCA-BD34-12D599F0F3B1}.Debug|x64.Build.0 = Debug|x64
		{BC8B11D4-A2AC-4DCA-BD34-12D599F0F3B1}.Release|Win32.ActiveCfg = Release|Win32
		{BC8B11D4-A2AC-4DCA-BD34-12D599F0F3B1}.Release|Win32.Build.0 = Release|Win32
		{BC8B11D4-A2AC-4DCA-BD34-12D599F0F3B1}.Release|x64.ActiveCfg = Release|x64
		{BC8B11D4-A2AC-4DCA-BD34-12D599F0F3B1}.Release|x64.Build.0 = Release|x64
	EndGlobalSection
	GlobalSection(SolutionProperties) = preSolution
		HideSolutionNode = FALSE
	EndGlobalSection
EndGlobal
