<?xml version="1.0" encoding="utf-8"?>
<Project ToolsVersion="4.0" xmlns="http://schemas.microsoft.com/developer/msbuild/2003">
  <ItemGroup>
    <Filter Include="Source Files">
      <UniqueIdentifier>{4FC737F1-C7A5-4376-A066-2A32D752A2FF}</UniqueIdentifier>
      <Extensions>cpp;c;cc;cxx;def;odl;idl;hpj;bat;asm;asmx</Extensions>
    </Filter>
    <Filter Include="Header Files">
      <UniqueIdentifier>{93995380-89BD-4b04-88EB-625FBE52EBFB}</UniqueIdentifier>
      <Extensions>h;hpp;hxx;hm;inl;inc;xsd</Extensions>
    </Filter>
    <Filter Include="Resource Files">
      <UniqueIdentifier>{67DA6AB6-F800-4c08-8B7A-83BB121AAD01}</UniqueIdentifier>
      <Extensions>rc;ico;cur;bmp;dlg;rc2;rct;bin;rgs;gif;jpg;jpeg;jpe;resx;tiff;tif;png;wav;mfcribbon-ms</Extensions>
    </Filter>
    <Filter Include="VesselNess">
      <UniqueIdentifier>{822fd70a-6328-41ed-8e03-a7f71c636f47}</UniqueIdentifier>
    </Filter>
    <Filter Include="VesselNess\Visualization">
      <UniqueIdentifier>{a8919828-41dc-44fa-a4de-275f3ee6c11d}</UniqueIdentifier>
    </Filter>
    <Filter Include="gco-v3.0">
      <UniqueIdentifier>{e6a48cb3-0a13-4033-8168-4e36eded84f5}</UniqueIdentifier>
    </Filter>
    <Filter Include="Visualization">
      <UniqueIdentifier>{1a341700-4ab3-431f-9ca5-776360ba7841}</UniqueIdentifier>
    </Filter>
    <Filter Include="Line3D">
      <UniqueIdentifier>{9a771b09-0252-43e5-92d2-cd3a616e0901}</UniqueIdentifier>
    </Filter>
    <Filter Include="SparseMatrix">
      <UniqueIdentifier>{5d7230c2-727d-4c11-93b9-df9b8e824126}</UniqueIdentifier>
    </Filter>
    <Filter Include="SparseMatrix\lsolver">
      <UniqueIdentifier>{b1f7d8ed-65b0-4adc-b71c-068c1dcaa972}</UniqueIdentifier>
    </Filter>
    <Filter Include="SparseMatrix\cblas">
      <UniqueIdentifier>{86c56bce-e813-48ae-84eb-8a56d58a0599}</UniqueIdentifier>
    </Filter>
  </ItemGroup>
  <ItemGroup>
    <ClInclude Include="stdafx.h">
      <Filter>Header Files</Filter>
    </ClInclude>
    <ClInclude Include="nstdio.h">
      <Filter>Header Files</Filter>
    </ClInclude>
    <ClInclude Include="..\VesselNess\GLCamera.h">
      <Filter>VesselNess\Visualization</Filter>
    </ClInclude>
    <ClInclude Include="..\VesselNess\GLViewer.h">
      <Filter>VesselNess\Visualization</Filter>
    </ClInclude>
    <ClInclude Include="..\VesselNess\GLViwerWrapper.h">
      <Filter>VesselNess\Visualization</Filter>
    </ClInclude>
    <ClInclude Include="..\VesselNess\GLCenterLine.h">
      <Filter>VesselNess\Visualization</Filter>
    </ClInclude>
    <ClInclude Include="..\VesselNess\GLDirection.h">
      <Filter>VesselNess\Visualization</Filter>
    </ClInclude>
    <ClInclude Include="..\VesselNess\GLVideoSaver.h">
      <Filter>VesselNess\Visualization</Filter>
    </ClInclude>
    <ClInclude Include="..\VesselNess\GLVolumn.h">
      <Filter>VesselNess\Visualization</Filter>
    </ClInclude>
    <ClInclude Include="gco-v3.0\block.h">
      <Filter>gco-v3.0</Filter>
    </ClInclude>
    <ClInclude Include="gco-v3.0\energy.h">
      <Filter>gco-v3.0</Filter>
    </ClInclude>
    <ClInclude Include="gco-v3.0\GCoptimization.h">
      <Filter>gco-v3.0</Filter>
    </ClInclude>
    <ClInclude Include="gco-v3.0\graph.h">
      <Filter>gco-v3.0</Filter>
    </ClInclude>
    <ClInclude Include="gco-v3.0\LinkedBlockList.h">
      <Filter>gco-v3.0</Filter>
    </ClInclude>
    <ClInclude Include="GLViwerModel.h">
      <Filter>Visualization</Filter>
    </ClInclude>
    <ClInclude Include="GLLineModel.h">
      <Filter>Visualization</Filter>
    </ClInclude>
    <ClInclude Include="Line3DTwoPoint.h">
      <Filter>Line3D</Filter>
    </ClInclude>
    <ClInclude Include="Line3D.h">
      <Filter>Line3D</Filter>
    </ClInclude>
    <ClInclude Include="Line3DPointDir.h">
      <Filter>Line3D</Filter>
    </ClInclude>
    <ClInclude Include="Neighbour26.h">
      <Filter>Header Files</Filter>
    </ClInclude>
    <ClInclude Include="SyntheticData.h">
      <Filter>Header Files</Filter>
    </ClInclude>
    <ClInclude Include="LevenburgMaquart.h">
      <Filter>Header Files</Filter>
    </ClInclude>
    <ClInclude Include="GraphCut.h">
      <Filter>Header Files</Filter>
    </ClInclude>
    <ClInclude Include="SparseMatrix\RC.h">
      <Filter>SparseMatrix</Filter>
    </ClInclude>
    <ClInclude Include="SparseMatrix\smart_assert.h">
      <Filter>SparseMatrix</Filter>
    </ClInclude>
    <ClInclude Include="SparseMatrix\SparseMatrix.h">
      <Filter>SparseMatrix</Filter>
    </ClInclude>
    <ClInclude Include="SparseMatrix\lsolver\cblas.h">
      <Filter>SparseMatrix\lsolver</Filter>
    </ClInclude>
    <ClInclude Include="SparseMatrix\lsolver\cghs.h">
      <Filter>SparseMatrix\lsolver</Filter>
    </ClInclude>
    <ClInclude Include="SparseMatrix\lsolver\gmres.h">
      <Filter>SparseMatrix\lsolver</Filter>
    </ClInclude>
    <ClInclude Include="SparseMatrix\lsolver\bicgsq.h">
      <Filter>SparseMatrix\lsolver</Filter>
    </ClInclude>
    <ClInclude Include="SparseMatrix\lsolver\bicgstab.h">
      <Filter>SparseMatrix\lsolver</Filter>
    </ClInclude>
    <ClInclude Include="SparseMatrix\cblas\f2c.h">
      <Filter>SparseMatrix\cblas</Filter>
    </ClInclude>
  </ItemGroup>
  <ItemGroup>
    <ClCompile Include="stdafx.cpp">
      <Filter>Source Files</Filter>
    </ClCompile>
    <ClCompile Include="..\VesselNess\GLCamera.cpp">
      <Filter>VesselNess\Visualization</Filter>
    </ClCompile>
    <ClCompile Include="..\VesselNess\GLViewer.cpp">
      <Filter>VesselNess\Visualization</Filter>
    </ClCompile>
    <ClCompile Include="..\VesselNess\GLCenterLine.cpp">
      <Filter>VesselNess\Visualization</Filter>
    </ClCompile>
    <ClCompile Include="..\VesselNess\GLVideoSaver.cpp">
      <Filter>VesselNess\Visualization</Filter>
    </ClCompile>
    <ClCompile Include="..\VesselNess\GLVolumn.cpp">
      <Filter>VesselNess\Visualization</Filter>
    </ClCompile>
    <ClCompile Include="gco-v3.0\example.cpp">
      <Filter>gco-v3.0</Filter>
    </ClCompile>
    <ClCompile Include="gco-v3.0\GCoptimization.cpp">
      <Filter>gco-v3.0</Filter>
    </ClCompile>
    <ClCompile Include="gco-v3.0\graph.cpp">
      <Filter>gco-v3.0</Filter>
    </ClCompile>
    <ClCompile Include="gco-v3.0\LinkedBlockList.cpp">
      <Filter>gco-v3.0</Filter>
    </ClCompile>
    <ClCompile Include="gco-v3.0\maxflow.cpp">
      <Filter>gco-v3.0</Filter>
    </ClCompile>
    <ClCompile Include="GLViwerModel.cpp">
      <Filter>Visualization</Filter>
    </ClCompile>
    <ClCompile Include="GLLineModel.cpp">
      <Filter>Visualization</Filter>
    </ClCompile>
    <ClCompile Include="..\VesselNess\MinSpanTree.cpp">
      <Filter>VesselNess</Filter>
    </ClCompile>
    <ClCompile Include="main.cpp" />
    <ClCompile Include="Line3DTwoPoint.cpp">
      <Filter>Line3D</Filter>
    </ClCompile>
    <ClCompile Include="Line3DPointDir.cpp">
      <Filter>Line3D</Filter>
    </ClCompile>
    <ClCompile Include="Line3D.cpp">
      <Filter>Line3D</Filter>
    </ClCompile>
    <ClCompile Include="LevenburgMaquart.cpp">
      <Filter>Source Files</Filter>
    </ClCompile>
    <ClCompile Include="GraphCut.cpp">
      <Filter>Source Files</Filter>
    </ClCompile>
    <ClCompile Include="SparseMatrix\SparseMatrix.cpp">
      <Filter>SparseMatrix</Filter>
    </ClCompile>
    <ClCompile Include="SparseMatrix\cblas\dscal.c">
      <Filter>SparseMatrix\cblas</Filter>
    </ClCompile>
    <ClCompile Include="SparseMatrix\cblas\daxpy.c">
      <Filter>SparseMatrix\cblas</Filter>
    </ClCompile>
    <ClCompile Include="SparseMatrix\cblas\dcopy.c">
      <Filter>SparseMatrix\cblas</Filter>
    </ClCompile>
    <ClCompile Include="SparseMatrix\cblas\ddot.c">
      <Filter>SparseMatrix\cblas</Filter>
    </ClCompile>
  </ItemGroup>
  <ItemGroup>
    <None Include="gco-v3.0\GCO_README.TXT">
      <Filter>gco-v3.0</Filter>
    </None>
    <None Include="SparseMatrix\lsolver\README">
      <Filter>SparseMatrix\lsolver</Filter>
    </None>
  </ItemGroup>
</Project>