<?xml version="1.0" encoding="UTF-8" standalone="yes" ?>
<CodeBlocks_project_file>
	<FileVersion major="1" minor="6" />
	<Project>
		<Option title="Vesselness" />
		<Option pch_mode="2" />
		<Option compiler="gnu_gcc_compiler_x64" />
		<Build>
			<Target title="Debug">
				<Option output="bin/Debug/Vesselness" prefix_auto="1" extension_auto="1" />
				<Option object_output="obj/Debug/" />
				<Option type="1" />
				<Option compiler="gcc" />
				<Compiler>
					<Add option="-std=c++11" />
					<Add option="-g" />
					<Add option="-fopenmp" />
					<Add option="-Wno-comment" />
				</Compiler>
				<Linker>
					<Add option="`pkg-config --libs opencv`" />
					<Add library="libglut.a" />
					<Add library="libGL.a" />
					<Add library="libGLEW.a" />
					<Add library="libGLU.a" />
					<Add library="libgomp.a" />
				</Linker>
			</Target>
			<Target title="Release">
				<Option output="bin/Release/Vesselness" prefix_auto="1" extension_auto="1" />
				<Option object_output="obj/Release/" />
				<Option type="1" />
				<Option compiler="gcc" />
				<Compiler>
					<Add option="-O2" />
					<Add option="-std=c++11" />
					<Add option="-fopenmp" />
				</Compiler>
				<Linker>
					<Add option="-s" />
				</Linker>
			</Target>
		</Build>
		<Compiler>
			<Add option="-Wall" />
			<Add option="-fexceptions" />
		</Compiler>
		<Unit filename="Data3D.cpp" />
		<Unit filename="Data3D.h" />
		<Unit filename="DataTypes.h" />
		<Unit filename="DisjointSet.cpp" />
		<Unit filename="DisjointSet.h" />
		<Unit filename="Edge.cpp" />
		<Unit filename="Edge.h" />
		<Unit filename="GLCamera.cpp" />
		<Unit filename="GLCamera.h" />
		<Unit filename="GLCenterLine.h" />
		<Unit filename="GLDirection.h" />
		<Unit filename="GLVideoSaver.cpp" />
		<Unit filename="GLVideoSaver.h" />
		<Unit filename="GLViewer.cpp" />
		<Unit filename="GLViewerExt.h" />
		<Unit filename="GLViwerWrapper.h" />
		<Unit filename="GLVolumn.h" />
		<Unit filename="Graph.h" />
		<Unit filename="Image3D.cpp" />
		<Unit filename="Image3D.h" />
		<Unit filename="ImageProcessing.h" />
		<Unit filename="ImageProcessor.cpp" />
		<Unit filename="Kernel3D.cpp" />
		<Unit filename="Kernel3D.h" />
		<Unit filename="MinSpanTree.cpp" />
		<Unit filename="MinSpanTree.h" />
		<Unit filename="MinSpanTreeWrapper.h" />
		<Unit filename="Ooops.h" />
		<Unit filename="RingsDeduction.cpp" />
		<Unit filename="RingsDeduction.h" />
		<Unit filename="TypeInfo.h" />
		<Unit filename="Validation.h" />
		<Unit filename="VesselDetector.cpp" />
		<Unit filename="VesselDetector.h" />
		<Unit filename="VesselnessTypes.cpp" />
		<Unit filename="VesselnessTypes.h" />
		<Unit filename="Viewer.h" />
		<Unit filename="main.cpp" />
		<Unit filename="nstdio.h" />
		<Unit filename="smart_assert.h" />
		<Unit filename="stdafx.h" />
		<Extensions>
			<code_completion />
			<envvars />
			<debugger />
			<DoxyBlocks>
				<comment_style block="0" line="0" />
				<doxyfile_project />
				<doxyfile_build />
				<doxyfile_warnings />
				<doxyfile_output />
				<doxyfile_dot />
				<general />
			</DoxyBlocks>
		</Extensions>
	</Project>
</CodeBlocks_project_file>
