<?xml version="1.0" encoding="UTF-8" standalone="yes" ?>
<CodeBlocks_project_file>
	<FileVersion major="1" minor="6" />
	<Project>
		<Option title="Vesselness" />
		<Option makefile="makefile" />
		<Option pch_mode="2" />
		<Option compiler="gcc" />
		<Build>
			<Target title="Debug">
				<Option output="bin/Debug/Vesselness" prefix_auto="1" extension_auto="1" />
				<Option object_output="obj/Debug/" />
				<Option type="1" />
				<Option compiler="gcc" />
				<Compiler>
					<Add option="-std=c++11" />
					<Add option="-g" />
					<Add option="-fopenmp" />
					<Add option="-Wno-comment" />
					<Add directory="../libs/Debug" />
				</Compiler>
				<Linker>
					<Add directory="../libs/Debug" />
				</Linker>
			</Target>
			<Target title="Release">
				<Option output="bin/Release/Vesselness" prefix_auto="1" extension_auto="1" />
				<Option object_output="obj/Release/" />
				<Option type="1" />
				<Option compiler="gcc" />
				<Compiler>
					<Add option="-O2" />
					<Add option="-std=c++11" />
					<Add option="-fopenmp" />
					<Add option="-Wno-comment" />
				</Compiler>
				<Linker>
					<Add option="-s" />
					<Add directory="../libs/Release" />
				</Linker>
			</Target>
		</Build>
		<Compiler>
			<Add option="-Wall" />
			<Add option="-fexceptions" />
			<Add directory="../core" />
		</Compiler>
		<Linker>
			<Add option="`pkg-config --libs opencv`" />
			<Add option="-Wl,--no-as-needed" />
			<Add library="libcore.a" />
			<Add library="libglut.a" />
			<Add library="libGL.a" />
			<Add library="libGLEW.a" />
			<Add library="libGLU.a" />
			<Add library="libgomp.a" />
		</Linker>
		<Unit filename="GLDirection.h" />
		<Unit filename="GLViewerVesselness.h" />
		<Unit filename="ImageProcessing-Vesselness.cpp" />
		<Unit filename="ImageProcessing-Vesselness.h" />
		<Unit filename="VesselDetector.cpp" />
		<Unit filename="VesselDetector.h" />
		<Unit filename="VesselnessTypes.cpp" />
		<Unit filename="VesselnessTypes.h" />
		<Unit filename="main.cpp" />
		<Extensions>
			<code_completion />
			<envvars />
			<debugger />
			<DoxyBlocks>
				<comment_style block="0" line="0" />
				<doxyfile_project />
				<doxyfile_build />
				<doxyfile_warnings />
				<doxyfile_output />
				<doxyfile_dot />
				<general />
			</DoxyBlocks>
		</Extensions>
	</Project>
</CodeBlocks_project_file>
