<?xml version="1.0" encoding="utf-8"?>
<Project ToolsVersion="4.0" xmlns="http://schemas.microsoft.com/developer/msbuild/2003">
  <ItemGroup>
    <ClCompile Include="cblas\dcopy.c">
      <Filter>cblas</Filter>
    </ClCompile>
    <ClCompile Include="cblas\ddot.c">
      <Filter>cblas</Filter>
    </ClCompile>
    <ClCompile Include="cblas\dscal.c">
      <Filter>cblas</Filter>
    </ClCompile>
    <ClCompile Include="cblas\daxpy.c">
      <Filter>cblas</Filter>
    </ClCompile>
    <ClCompile Include="SparseMatrix.cpp" />
    <ClCompile Include="main.cpp" />
  </ItemGroup>
  <ItemGroup>
    <ClInclude Include="cblas\f2c.h">
      <Filter>cblas</Filter>
    </ClInclude>
    <ClInclude Include="RC.h" />
    <ClInclude Include="smart_assert.h" />
    <ClInclude Include="SparseMatrix.h" />
  </ItemGroup>
  <ItemGroup>
    <Filter Include="cblas">
      <UniqueIdentifier>{6ed90204-c354-4e20-a1ae-ae10e272f3ba}</UniqueIdentifier>
    </Filter>
    <Filter Include="OpenCL Files">
      <UniqueIdentifier>{D011BB44-1BF7-4113-997B-A081035B40D8}</UniqueIdentifier>
      <Extensions>cl</Extensions>
    </Filter>
  </ItemGroup>
</Project>