<?xml version="1.0" encoding="utf-8"?>
<Project ToolsVersion="4.0" xmlns="http://schemas.microsoft.com/developer/msbuild/2003">
  <ItemGroup>
    <Filter Include="Source Files">
      <UniqueIdentifier>{4FC737F1-C7A5-4376-A066-2A32D752A2FF}</UniqueIdentifier>
      <Extensions>cpp;c;cc;cxx;def;odl;idl;hpj;bat;asm;asmx</Extensions>
    </Filter>
    <Filter Include="Header Files">
      <UniqueIdentifier>{93995380-89BD-4b04-88EB-625FBE52EBFB}</UniqueIdentifier>
      <Extensions>h;hpp;hxx;hm;inl;inc;xsd</Extensions>
    </Filter>
    <Filter Include="Resource Files">
      <UniqueIdentifier>{67DA6AB6-F800-4c08-8B7A-83BB121AAD01}</UniqueIdentifier>
      <Extensions>rc;ico;cur;bmp;dlg;rc2;rct;bin;rgs;gif;jpg;jpeg;jpe;resx;tiff;tif;png;wav;mfcribbon-ms</Extensions>
    </Filter>
    <Filter Include="SuperLU4.3">
      <UniqueIdentifier>{86719207-2d8d-438c-b1b3-2d2d952f9255}</UniqueIdentifier>
    </Filter>
    <Filter Include="SuperLU4.3\SRC">
      <UniqueIdentifier>{b42b4d10-85b7-4a9c-b570-5f0ef272dc06}</UniqueIdentifier>
    </Filter>
    <Filter Include="SuperLU4.3\CBLAS">
      <UniqueIdentifier>{0760bbf2-da6f-4ef3-8351-84c5e59d69ba}</UniqueIdentifier>
    </Filter>
  </ItemGroup>
  <ItemGroup>
    <ClCompile Include="main.cpp">
      <Filter>Source Files</Filter>
    </ClCompile>
    <ClCompile Include="SparseMatrix.cpp">
      <Filter>Source Files</Filter>
    </ClCompile>
    <ClCompile Include="SuperLU_4.3\SRC\ccolumn_bmod.c">
      <Filter>SuperLU4.3\SRC</Filter>
    </ClCompile>
    <ClCompile Include="SuperLU_4.3\SRC\ccolumn_dfs.c">
      <Filter>SuperLU4.3\SRC</Filter>
    </ClCompile>
    <ClCompile Include="SuperLU_4.3\SRC\ccopy_to_ucol.c">
      <Filter>SuperLU4.3\SRC</Filter>
    </ClCompile>
    <ClCompile Include="SuperLU_4.3\SRC\cdiagonal.c">
      <Filter>SuperLU4.3\SRC</Filter>
    </ClCompile>
    <ClCompile Include="SuperLU_4.3\SRC\cgscon.c">
      <Filter>SuperLU4.3\SRC</Filter>
    </ClCompile>
    <ClCompile Include="SuperLU_4.3\SRC\cgsequ.c">
      <Filter>SuperLU4.3\SRC</Filter>
    </ClCompile>
    <ClCompile Include="SuperLU_4.3\SRC\cgsisx.c">
      <Filter>SuperLU4.3\SRC</Filter>
    </ClCompile>
    <ClCompile Include="SuperLU_4.3\SRC\cgsitrf.c">
      <Filter>SuperLU4.3\SRC</Filter>
    </ClCompile>
    <ClCompile Include="SuperLU_4.3\SRC\cgsrfs.c">
      <Filter>SuperLU4.3\SRC</Filter>
    </ClCompile>
    <ClCompile Include="SuperLU_4.3\SRC\cgssv.c">
      <Filter>SuperLU4.3\SRC</Filter>
    </ClCompile>
    <ClCompile Include="SuperLU_4.3\SRC\cgssvx.c">
      <Filter>SuperLU4.3\SRC</Filter>
    </ClCompile>
    <ClCompile Include="SuperLU_4.3\SRC\cgstrf.c">
      <Filter>SuperLU4.3\SRC</Filter>
    </ClCompile>
    <ClCompile Include="SuperLU_4.3\SRC\cgstrs.c">
      <Filter>SuperLU4.3\SRC</Filter>
    </ClCompile>
    <ClCompile Include="SuperLU_4.3\SRC\clacon.c">
      <Filter>SuperLU4.3\SRC</Filter>
    </ClCompile>
    <ClCompile Include="SuperLU_4.3\SRC\clangs.c">
      <Filter>SuperLU4.3\SRC</Filter>
    </ClCompile>
    <ClCompile Include="SuperLU_4.3\SRC\claqgs.c">
      <Filter>SuperLU4.3\SRC</Filter>
    </ClCompile>
    <ClCompile Include="SuperLU_4.3\SRC\cldperm.c">
      <Filter>SuperLU4.3\SRC</Filter>
    </ClCompile>
    <ClCompile Include="SuperLU_4.3\SRC\cmemory.c">
      <Filter>SuperLU4.3\SRC</Filter>
    </ClCompile>
    <ClCompile Include="SuperLU_4.3\SRC\cmyblas2.c">
      <Filter>SuperLU4.3\SRC</Filter>
    </ClCompile>
    <ClCompile Include="SuperLU_4.3\SRC\colamd.c">
      <Filter>SuperLU4.3\SRC</Filter>
    </ClCompile>
    <ClCompile Include="SuperLU_4.3\SRC\cpanel_bmod.c">
      <Filter>SuperLU4.3\SRC</Filter>
    </ClCompile>
    <ClCompile Include="SuperLU_4.3\SRC\cpanel_dfs.c">
      <Filter>SuperLU4.3\SRC</Filter>
    </ClCompile>
    <ClCompile Include="SuperLU_4.3\SRC\cpivotgrowth.c">
      <Filter>SuperLU4.3\SRC</Filter>
    </ClCompile>
    <ClCompile Include="SuperLU_4.3\SRC\cpivotL.c">
      <Filter>SuperLU4.3\SRC</Filter>
    </ClCompile>
    <ClCompile Include="SuperLU_4.3\SRC\cpruneL.c">
      <Filter>SuperLU4.3\SRC</Filter>
    </ClCompile>
    <ClCompile Include="SuperLU_4.3\SRC\creadhb.c">
      <Filter>SuperLU4.3\SRC</Filter>
    </ClCompile>
    <ClCompile Include="SuperLU_4.3\SRC\creadrb.c">
      <Filter>SuperLU4.3\SRC</Filter>
    </ClCompile>
    <ClCompile Include="SuperLU_4.3\SRC\creadtriple.c">
      <Filter>SuperLU4.3\SRC</Filter>
    </ClCompile>
    <ClCompile Include="SuperLU_4.3\SRC\csnode_bmod.c">
      <Filter>SuperLU4.3\SRC</Filter>
    </ClCompile>
    <ClCompile Include="SuperLU_4.3\SRC\csnode_dfs.c">
      <Filter>SuperLU4.3\SRC</Filter>
    </ClCompile>
    <ClCompile Include="SuperLU_4.3\SRC\csp_blas2.c">
      <Filter>SuperLU4.3\SRC</Filter>
    </ClCompile>
    <ClCompile Include="SuperLU_4.3\SRC\csp_blas3.c">
      <Filter>SuperLU4.3\SRC</Filter>
    </ClCompile>
    <ClCompile Include="SuperLU_4.3\SRC\cutil.c">
      <Filter>SuperLU4.3\SRC</Filter>
    </ClCompile>
    <ClCompile Include="SuperLU_4.3\SRC\dcolumn_bmod.c">
      <Filter>SuperLU4.3\SRC</Filter>
    </ClCompile>
    <ClCompile Include="SuperLU_4.3\SRC\dcolumn_dfs.c">
      <Filter>SuperLU4.3\SRC</Filter>
    </ClCompile>
    <ClCompile Include="SuperLU_4.3\SRC\dcomplex.c">
      <Filter>SuperLU4.3\SRC</Filter>
    </ClCompile>
    <ClCompile Include="SuperLU_4.3\SRC\dcopy_to_ucol.c">
      <Filter>SuperLU4.3\SRC</Filter>
    </ClCompile>
    <ClCompile Include="SuperLU_4.3\SRC\ddiagonal.c">
      <Filter>SuperLU4.3\SRC</Filter>
    </ClCompile>
    <ClCompile Include="SuperLU_4.3\SRC\dgscon.c">
      <Filter>SuperLU4.3\SRC</Filter>
    </ClCompile>
    <ClCompile Include="SuperLU_4.3\SRC\dgsequ.c">
      <Filter>SuperLU4.3\SRC</Filter>
    </ClCompile>
    <ClCompile Include="SuperLU_4.3\SRC\dgsisx.c">
      <Filter>SuperLU4.3\SRC</Filter>
    </ClCompile>
    <ClCompile Include="SuperLU_4.3\SRC\dgsitrf.c">
      <Filter>SuperLU4.3\SRC</Filter>
    </ClCompile>
    <ClCompile Include="SuperLU_4.3\SRC\dgsrfs.c">
      <Filter>SuperLU4.3\SRC</Filter>
    </ClCompile>
    <ClCompile Include="SuperLU_4.3\SRC\dgssv.c">
      <Filter>SuperLU4.3\SRC</Filter>
    </ClCompile>
    <ClCompile Include="SuperLU_4.3\SRC\dgssvx.c">
      <Filter>SuperLU4.3\SRC</Filter>
    </ClCompile>
    <ClCompile Include="SuperLU_4.3\SRC\dgstrf.c">
      <Filter>SuperLU4.3\SRC</Filter>
    </ClCompile>
    <ClCompile Include="SuperLU_4.3\SRC\dgstrs.c">
      <Filter>SuperLU4.3\SRC</Filter>
    </ClCompile>
    <ClCompile Include="SuperLU_4.3\SRC\dlacon.c">
      <Filter>SuperLU4.3\SRC</Filter>
    </ClCompile>
    <ClCompile Include="SuperLU_4.3\SRC\dlamch.c">
      <Filter>SuperLU4.3\SRC</Filter>
    </ClCompile>
    <ClCompile Include="SuperLU_4.3\SRC\dlangs.c">
      <Filter>SuperLU4.3\SRC</Filter>
    </ClCompile>
    <ClCompile Include="SuperLU_4.3\SRC\dlaqgs.c">
      <Filter>SuperLU4.3\SRC</Filter>
    </ClCompile>
    <ClCompile Include="SuperLU_4.3\SRC\dldperm.c">
      <Filter>SuperLU4.3\SRC</Filter>
    </ClCompile>
    <ClCompile Include="SuperLU_4.3\SRC\dmemory.c">
      <Filter>SuperLU4.3\SRC</Filter>
    </ClCompile>
    <ClCompile Include="SuperLU_4.3\SRC\dmyblas2.c">
      <Filter>SuperLU4.3\SRC</Filter>
    </ClCompile>
    <ClCompile Include="SuperLU_4.3\SRC\dpanel_bmod.c">
      <Filter>SuperLU4.3\SRC</Filter>
    </ClCompile>
    <ClCompile Include="SuperLU_4.3\SRC\dpanel_dfs.c">
      <Filter>SuperLU4.3\SRC</Filter>
    </ClCompile>
    <ClCompile Include="SuperLU_4.3\SRC\dpivotgrowth.c">
      <Filter>SuperLU4.3\SRC</Filter>
    </ClCompile>
    <ClCompile Include="SuperLU_4.3\SRC\dpivotL.c">
      <Filter>SuperLU4.3\SRC</Filter>
    </ClCompile>
    <ClCompile Include="SuperLU_4.3\SRC\dpruneL.c">
      <Filter>SuperLU4.3\SRC</Filter>
    </ClCompile>
    <ClCompile Include="SuperLU_4.3\SRC\dreadhb.c">
      <Filter>SuperLU4.3\SRC</Filter>
    </ClCompile>
    <ClCompile Include="SuperLU_4.3\SRC\dreadrb.c">
      <Filter>SuperLU4.3\SRC</Filter>
    </ClCompile>
    <ClCompile Include="SuperLU_4.3\SRC\dreadtriple.c">
      <Filter>SuperLU4.3\SRC</Filter>
    </ClCompile>
    <ClCompile Include="SuperLU_4.3\SRC\dsnode_bmod.c">
      <Filter>SuperLU4.3\SRC</Filter>
    </ClCompile>
    <ClCompile Include="SuperLU_4.3\SRC\dsnode_dfs.c">
      <Filter>SuperLU4.3\SRC</Filter>
    </ClCompile>
    <ClCompile Include="SuperLU_4.3\SRC\dsp_blas2.c">
      <Filter>SuperLU4.3\SRC</Filter>
    </ClCompile>
    <ClCompile Include="SuperLU_4.3\SRC\dsp_blas3.c">
      <Filter>SuperLU4.3\SRC</Filter>
    </ClCompile>
    <ClCompile Include="SuperLU_4.3\SRC\dutil.c">
      <Filter>SuperLU4.3\SRC</Filter>
    </ClCompile>
    <ClCompile Include="SuperLU_4.3\SRC\dzsum1.c">
      <Filter>SuperLU4.3\SRC</Filter>
    </ClCompile>
    <ClCompile Include="SuperLU_4.3\SRC\get_perm_c.c">
      <Filter>SuperLU4.3\SRC</Filter>
    </ClCompile>
    <ClCompile Include="SuperLU_4.3\SRC\heap_relax_snode.c">
      <Filter>SuperLU4.3\SRC</Filter>
    </ClCompile>
    <ClCompile Include="SuperLU_4.3\SRC\icmax1.c">
      <Filter>SuperLU4.3\SRC</Filter>
    </ClCompile>
    <ClCompile Include="SuperLU_4.3\SRC\ilu_ccolumn_dfs.c">
      <Filter>SuperLU4.3\SRC</Filter>
    </ClCompile>
    <ClCompile Include="SuperLU_4.3\SRC\ilu_ccopy_to_ucol.c">
      <Filter>SuperLU4.3\SRC</Filter>
    </ClCompile>
    <ClCompile Include="SuperLU_4.3\SRC\ilu_cdrop_row.c">
      <Filter>SuperLU4.3\SRC</Filter>
    </ClCompile>
    <ClCompile Include="SuperLU_4.3\SRC\ilu_cpanel_dfs.c">
      <Filter>SuperLU4.3\SRC</Filter>
    </ClCompile>
    <ClCompile Include="SuperLU_4.3\SRC\ilu_cpivotL.c">
      <Filter>SuperLU4.3\SRC</Filter>
    </ClCompile>
    <ClCompile Include="SuperLU_4.3\SRC\ilu_csnode_dfs.c">
      <Filter>SuperLU4.3\SRC</Filter>
    </ClCompile>
    <ClCompile Include="SuperLU_4.3\SRC\ilu_dcolumn_dfs.c">
      <Filter>SuperLU4.3\SRC</Filter>
    </ClCompile>
    <ClCompile Include="SuperLU_4.3\SRC\ilu_dcopy_to_ucol.c">
      <Filter>SuperLU4.3\SRC</Filter>
    </ClCompile>
    <ClCompile Include="SuperLU_4.3\SRC\ilu_ddrop_row.c">
      <Filter>SuperLU4.3\SRC</Filter>
    </ClCompile>
    <ClCompile Include="SuperLU_4.3\SRC\ilu_dpanel_dfs.c">
      <Filter>SuperLU4.3\SRC</Filter>
    </ClCompile>
    <ClCompile Include="SuperLU_4.3\SRC\ilu_dpivotL.c">
      <Filter>SuperLU4.3\SRC</Filter>
    </ClCompile>
    <ClCompile Include="SuperLU_4.3\SRC\ilu_dsnode_dfs.c">
      <Filter>SuperLU4.3\SRC</Filter>
    </ClCompile>
    <ClCompile Include="SuperLU_4.3\SRC\ilu_heap_relax_snode.c">
      <Filter>SuperLU4.3\SRC</Filter>
    </ClCompile>
    <ClCompile Include="SuperLU_4.3\SRC\ilu_relax_snode.c">
      <Filter>SuperLU4.3\SRC</Filter>
    </ClCompile>
    <ClCompile Include="SuperLU_4.3\SRC\ilu_scolumn_dfs.c">
      <Filter>SuperLU4.3\SRC</Filter>
    </ClCompile>
    <ClCompile Include="SuperLU_4.3\SRC\ilu_scopy_to_ucol.c">
      <Filter>SuperLU4.3\SRC</Filter>
    </ClCompile>
    <ClCompile Include="SuperLU_4.3\SRC\ilu_sdrop_row.c">
      <Filter>SuperLU4.3\SRC</Filter>
    </ClCompile>
    <ClCompile Include="SuperLU_4.3\SRC\ilu_spanel_dfs.c">
      <Filter>SuperLU4.3\SRC</Filter>
    </ClCompile>
    <ClCompile Include="SuperLU_4.3\SRC\ilu_spivotL.c">
      <Filter>SuperLU4.3\SRC</Filter>
    </ClCompile>
    <ClCompile Include="SuperLU_4.3\SRC\ilu_ssnode_dfs.c">
      <Filter>SuperLU4.3\SRC</Filter>
    </ClCompile>
    <ClCompile Include="SuperLU_4.3\SRC\ilu_zcolumn_dfs.c">
      <Filter>SuperLU4.3\SRC</Filter>
    </ClCompile>
    <ClCompile Include="SuperLU_4.3\SRC\ilu_zcopy_to_ucol.c">
      <Filter>SuperLU4.3\SRC</Filter>
    </ClCompile>
    <ClCompile Include="SuperLU_4.3\SRC\ilu_zdrop_row.c">
      <Filter>SuperLU4.3\SRC</Filter>
    </ClCompile>
    <ClCompile Include="SuperLU_4.3\SRC\ilu_zpanel_dfs.c">
      <Filter>SuperLU4.3\SRC</Filter>
    </ClCompile>
    <ClCompile Include="SuperLU_4.3\SRC\ilu_zpivotL.c">
      <Filter>SuperLU4.3\SRC</Filter>
    </ClCompile>
    <ClCompile Include="SuperLU_4.3\SRC\ilu_zsnode_dfs.c">
      <Filter>SuperLU4.3\SRC</Filter>
    </ClCompile>
    <ClCompile Include="SuperLU_4.3\SRC\izmax1.c">
      <Filter>SuperLU4.3\SRC</Filter>
    </ClCompile>
    <ClCompile Include="SuperLU_4.3\SRC\lsame.c">
      <Filter>SuperLU4.3\SRC</Filter>
    </ClCompile>
    <ClCompile Include="SuperLU_4.3\SRC\mark_relax.c">
      <Filter>SuperLU4.3\SRC</Filter>
    </ClCompile>
    <ClCompile Include="SuperLU_4.3\SRC\mc64ad.c">
      <Filter>SuperLU4.3\SRC</Filter>
    </ClCompile>
    <ClCompile Include="SuperLU_4.3\SRC\memory.c">
      <Filter>SuperLU4.3\SRC</Filter>
    </ClCompile>
    <ClCompile Include="SuperLU_4.3\SRC\mmd.c">
      <Filter>SuperLU4.3\SRC</Filter>
    </ClCompile>
    <ClCompile Include="SuperLU_4.3\SRC\qselect.c">
      <Filter>SuperLU4.3\SRC</Filter>
    </ClCompile>
    <ClCompile Include="SuperLU_4.3\SRC\relax_snode.c">
      <Filter>SuperLU4.3\SRC</Filter>
    </ClCompile>
    <ClCompile Include="SuperLU_4.3\SRC\scolumn_bmod.c">
      <Filter>SuperLU4.3\SRC</Filter>
    </ClCompile>
    <ClCompile Include="SuperLU_4.3\SRC\scolumn_dfs.c">
      <Filter>SuperLU4.3\SRC</Filter>
    </ClCompile>
    <ClCompile Include="SuperLU_4.3\SRC\scomplex.c">
      <Filter>SuperLU4.3\SRC</Filter>
    </ClCompile>
    <ClCompile Include="SuperLU_4.3\SRC\scopy_to_ucol.c">
      <Filter>SuperLU4.3\SRC</Filter>
    </ClCompile>
    <ClCompile Include="SuperLU_4.3\SRC\scsum1.c">
      <Filter>SuperLU4.3\SRC</Filter>
    </ClCompile>
    <ClCompile Include="SuperLU_4.3\SRC\sdiagonal.c">
      <Filter>SuperLU4.3\SRC</Filter>
    </ClCompile>
    <ClCompile Include="SuperLU_4.3\SRC\sgscon.c">
      <Filter>SuperLU4.3\SRC</Filter>
    </ClCompile>
    <ClCompile Include="SuperLU_4.3\SRC\sgsequ.c">
      <Filter>SuperLU4.3\SRC</Filter>
    </ClCompile>
    <ClCompile Include="SuperLU_4.3\SRC\sgsisx.c">
      <Filter>SuperLU4.3\SRC</Filter>
    </ClCompile>
    <ClCompile Include="SuperLU_4.3\SRC\sgsitrf.c">
      <Filter>SuperLU4.3\SRC</Filter>
    </ClCompile>
    <ClCompile Include="SuperLU_4.3\SRC\sgsrfs.c">
      <Filter>SuperLU4.3\SRC</Filter>
    </ClCompile>
    <ClCompile Include="SuperLU_4.3\SRC\sgssv.c">
      <Filter>SuperLU4.3\SRC</Filter>
    </ClCompile>
    <ClCompile Include="SuperLU_4.3\SRC\sgssvx.c">
      <Filter>SuperLU4.3\SRC</Filter>
    </ClCompile>
    <ClCompile Include="SuperLU_4.3\SRC\sgstrf.c">
      <Filter>SuperLU4.3\SRC</Filter>
    </ClCompile>
    <ClCompile Include="SuperLU_4.3\SRC\sgstrs.c">
      <Filter>SuperLU4.3\SRC</Filter>
    </ClCompile>
    <ClCompile Include="SuperLU_4.3\SRC\slacon.c">
      <Filter>SuperLU4.3\SRC</Filter>
    </ClCompile>
    <ClCompile Include="SuperLU_4.3\SRC\slamch.c">
      <Filter>SuperLU4.3\SRC</Filter>
    </ClCompile>
    <ClCompile Include="SuperLU_4.3\SRC\slangs.c">
      <Filter>SuperLU4.3\SRC</Filter>
    </ClCompile>
    <ClCompile Include="SuperLU_4.3\SRC\slaqgs.c">
      <Filter>SuperLU4.3\SRC</Filter>
    </ClCompile>
    <ClCompile Include="SuperLU_4.3\SRC\sldperm.c">
      <Filter>SuperLU4.3\SRC</Filter>
    </ClCompile>
    <ClCompile Include="SuperLU_4.3\SRC\smemory.c">
      <Filter>SuperLU4.3\SRC</Filter>
    </ClCompile>
    <ClCompile Include="SuperLU_4.3\SRC\smyblas2.c">
      <Filter>SuperLU4.3\SRC</Filter>
    </ClCompile>
    <ClCompile Include="SuperLU_4.3\SRC\sp_coletree.c">
      <Filter>SuperLU4.3\SRC</Filter>
    </ClCompile>
    <ClCompile Include="SuperLU_4.3\SRC\sp_ienv.c">
      <Filter>SuperLU4.3\SRC</Filter>
    </ClCompile>
    <ClCompile Include="SuperLU_4.3\SRC\sp_preorder.c">
      <Filter>SuperLU4.3\SRC</Filter>
    </ClCompile>
    <ClCompile Include="SuperLU_4.3\SRC\spanel_bmod.c">
      <Filter>SuperLU4.3\SRC</Filter>
    </ClCompile>
    <ClCompile Include="SuperLU_4.3\SRC\spanel_dfs.c">
      <Filter>SuperLU4.3\SRC</Filter>
    </ClCompile>
    <ClCompile Include="SuperLU_4.3\SRC\spivotgrowth.c">
      <Filter>SuperLU4.3\SRC</Filter>
    </ClCompile>
    <ClCompile Include="SuperLU_4.3\SRC\spivotL.c">
      <Filter>SuperLU4.3\SRC</Filter>
    </ClCompile>
    <ClCompile Include="SuperLU_4.3\SRC\spruneL.c">
      <Filter>SuperLU4.3\SRC</Filter>
    </ClCompile>
    <ClCompile Include="SuperLU_4.3\SRC\sreadhb.c">
      <Filter>SuperLU4.3\SRC</Filter>
    </ClCompile>
    <ClCompile Include="SuperLU_4.3\SRC\sreadrb.c">
      <Filter>SuperLU4.3\SRC</Filter>
    </ClCompile>
    <ClCompile Include="SuperLU_4.3\SRC\sreadtriple.c">
      <Filter>SuperLU4.3\SRC</Filter>
    </ClCompile>
    <ClCompile Include="SuperLU_4.3\SRC\ssnode_bmod.c">
      <Filter>SuperLU4.3\SRC</Filter>
    </ClCompile>
    <ClCompile Include="SuperLU_4.3\SRC\ssnode_dfs.c">
      <Filter>SuperLU4.3\SRC</Filter>
    </ClCompile>
    <ClCompile Include="SuperLU_4.3\SRC\ssp_blas2.c">
      <Filter>SuperLU4.3\SRC</Filter>
    </ClCompile>
    <ClCompile Include="SuperLU_4.3\SRC\ssp_blas3.c">
      <Filter>SuperLU4.3\SRC</Filter>
    </ClCompile>
    <ClCompile Include="SuperLU_4.3\SRC\superlu_timer.c">
      <Filter>SuperLU4.3\SRC</Filter>
    </ClCompile>
    <ClCompile Include="SuperLU_4.3\SRC\sutil.c">
      <Filter>SuperLU4.3\SRC</Filter>
    </ClCompile>
    <ClCompile Include="SuperLU_4.3\SRC\util.c">
      <Filter>SuperLU4.3\SRC</Filter>
    </ClCompile>
    <ClCompile Include="SuperLU_4.3\SRC\xerbla.c">
      <Filter>SuperLU4.3\SRC</Filter>
    </ClCompile>
    <ClCompile Include="SuperLU_4.3\SRC\zcolumn_bmod.c">
      <Filter>SuperLU4.3\SRC</Filter>
    </ClCompile>
    <ClCompile Include="SuperLU_4.3\SRC\zcolumn_dfs.c">
      <Filter>SuperLU4.3\SRC</Filter>
    </ClCompile>
    <ClCompile Include="SuperLU_4.3\SRC\zcopy_to_ucol.c">
      <Filter>SuperLU4.3\SRC</Filter>
    </ClCompile>
    <ClCompile Include="SuperLU_4.3\SRC\zdiagonal.c">
      <Filter>SuperLU4.3\SRC</Filter>
    </ClCompile>
    <ClCompile Include="SuperLU_4.3\SRC\zgscon.c">
      <Filter>SuperLU4.3\SRC</Filter>
    </ClCompile>
    <ClCompile Include="SuperLU_4.3\SRC\zgsequ.c">
      <Filter>SuperLU4.3\SRC</Filter>
    </ClCompile>
    <ClCompile Include="SuperLU_4.3\SRC\zgsisx.c">
      <Filter>SuperLU4.3\SRC</Filter>
    </ClCompile>
    <ClCompile Include="SuperLU_4.3\SRC\zgsitrf.c">
      <Filter>SuperLU4.3\SRC</Filter>
    </ClCompile>
    <ClCompile Include="SuperLU_4.3\SRC\zgsrfs.c">
      <Filter>SuperLU4.3\SRC</Filter>
    </ClCompile>
    <ClCompile Include="SuperLU_4.3\SRC\zgssv.c">
      <Filter>SuperLU4.3\SRC</Filter>
    </ClCompile>
    <ClCompile Include="SuperLU_4.3\SRC\zgssvx.c">
      <Filter>SuperLU4.3\SRC</Filter>
    </ClCompile>
    <ClCompile Include="SuperLU_4.3\SRC\zgstrf.c">
      <Filter>SuperLU4.3\SRC</Filter>
    </ClCompile>
    <ClCompile Include="SuperLU_4.3\SRC\zgstrs.c">
      <Filter>SuperLU4.3\SRC</Filter>
    </ClCompile>
    <ClCompile Include="SuperLU_4.3\SRC\zlacon.c">
      <Filter>SuperLU4.3\SRC</Filter>
    </ClCompile>
    <ClCompile Include="SuperLU_4.3\SRC\zlangs.c">
      <Filter>SuperLU4.3\SRC</Filter>
    </ClCompile>
    <ClCompile Include="SuperLU_4.3\SRC\zlaqgs.c">
      <Filter>SuperLU4.3\SRC</Filter>
    </ClCompile>
    <ClCompile Include="SuperLU_4.3\SRC\zldperm.c">
      <Filter>SuperLU4.3\SRC</Filter>
    </ClCompile>
    <ClCompile Include="SuperLU_4.3\SRC\zmemory.c">
      <Filter>SuperLU4.3\SRC</Filter>
    </ClCompile>
    <ClCompile Include="SuperLU_4.3\SRC\zmyblas2.c">
      <Filter>SuperLU4.3\SRC</Filter>
    </ClCompile>
    <ClCompile Include="SuperLU_4.3\SRC\zpanel_bmod.c">
      <Filter>SuperLU4.3\SRC</Filter>
    </ClCompile>
    <ClCompile Include="SuperLU_4.3\SRC\zpanel_dfs.c">
      <Filter>SuperLU4.3\SRC</Filter>
    </ClCompile>
    <ClCompile Include="SuperLU_4.3\SRC\zpivotgrowth.c">
      <Filter>SuperLU4.3\SRC</Filter>
    </ClCompile>
    <ClCompile Include="SuperLU_4.3\SRC\zpivotL.c">
      <Filter>SuperLU4.3\SRC</Filter>
    </ClCompile>
    <ClCompile Include="SuperLU_4.3\SRC\zpruneL.c">
      <Filter>SuperLU4.3\SRC</Filter>
    </ClCompile>
    <ClCompile Include="SuperLU_4.3\SRC\zreadhb.c">
      <Filter>SuperLU4.3\SRC</Filter>
    </ClCompile>
    <ClCompile Include="SuperLU_4.3\SRC\zreadrb.c">
      <Filter>SuperLU4.3\SRC</Filter>
    </ClCompile>
    <ClCompile Include="SuperLU_4.3\SRC\zreadtriple.c">
      <Filter>SuperLU4.3\SRC</Filter>
    </ClCompile>
    <ClCompile Include="SuperLU_4.3\SRC\zsnode_bmod.c">
      <Filter>SuperLU4.3\SRC</Filter>
    </ClCompile>
    <ClCompile Include="SuperLU_4.3\SRC\zsnode_dfs.c">
      <Filter>SuperLU4.3\SRC</Filter>
    </ClCompile>
    <ClCompile Include="SuperLU_4.3\SRC\zsp_blas2.c">
      <Filter>SuperLU4.3\SRC</Filter>
    </ClCompile>
    <ClCompile Include="SuperLU_4.3\SRC\zsp_blas3.c">
      <Filter>SuperLU4.3\SRC</Filter>
    </ClCompile>
    <ClCompile Include="SuperLU_4.3\SRC\zutil.c">
      <Filter>SuperLU4.3\SRC</Filter>
    </ClCompile>
    <ClCompile Include="SuperLU_4.3\CBLAS\caxpy.c">
      <Filter>SuperLU4.3\CBLAS</Filter>
    </ClCompile>
    <ClCompile Include="SuperLU_4.3\CBLAS\ccopy.c">
      <Filter>SuperLU4.3\CBLAS</Filter>
    </ClCompile>
    <ClCompile Include="SuperLU_4.3\CBLAS\cdotc.c">
      <Filter>SuperLU4.3\CBLAS</Filter>
    </ClCompile>
    <ClCompile Include="SuperLU_4.3\CBLAS\cgemv.c">
      <Filter>SuperLU4.3\CBLAS</Filter>
    </ClCompile>
    <ClCompile Include="SuperLU_4.3\CBLAS\cgerc.c">
      <Filter>SuperLU4.3\CBLAS</Filter>
    </ClCompile>
    <ClCompile Include="SuperLU_4.3\CBLAS\chemv.c">
      <Filter>SuperLU4.3\CBLAS</Filter>
    </ClCompile>
    <ClCompile Include="SuperLU_4.3\CBLAS\cher2.c">
      <Filter>SuperLU4.3\CBLAS</Filter>
    </ClCompile>
    <ClCompile Include="SuperLU_4.3\CBLAS\cscal.c">
      <Filter>SuperLU4.3\CBLAS</Filter>
    </ClCompile>
    <ClCompile Include="SuperLU_4.3\CBLAS\cswap.c">
      <Filter>SuperLU4.3\CBLAS</Filter>
    </ClCompile>
    <ClCompile Include="SuperLU_4.3\CBLAS\ctrsv.c">
      <Filter>SuperLU4.3\CBLAS</Filter>
    </ClCompile>
    <ClCompile Include="SuperLU_4.3\CBLAS\dasum.c">
      <Filter>SuperLU4.3\CBLAS</Filter>
    </ClCompile>
    <ClCompile Include="SuperLU_4.3\CBLAS\daxpy.c">
      <Filter>SuperLU4.3\CBLAS</Filter>
    </ClCompile>
    <ClCompile Include="SuperLU_4.3\CBLAS\dcabs1.c">
      <Filter>SuperLU4.3\CBLAS</Filter>
    </ClCompile>
    <ClCompile Include="SuperLU_4.3\CBLAS\dcopy.c">
      <Filter>SuperLU4.3\CBLAS</Filter>
    </ClCompile>
    <ClCompile Include="SuperLU_4.3\CBLAS\ddot.c">
      <Filter>SuperLU4.3\CBLAS</Filter>
    </ClCompile>
    <ClCompile Include="SuperLU_4.3\CBLAS\dgemv.c">
      <Filter>SuperLU4.3\CBLAS</Filter>
    </ClCompile>
    <ClCompile Include="SuperLU_4.3\CBLAS\dger.c">
      <Filter>SuperLU4.3\CBLAS</Filter>
    </ClCompile>
    <ClCompile Include="SuperLU_4.3\CBLAS\dnrm2.c">
      <Filter>SuperLU4.3\CBLAS</Filter>
    </ClCompile>
    <ClCompile Include="SuperLU_4.3\CBLAS\drot.c">
      <Filter>SuperLU4.3\CBLAS</Filter>
    </ClCompile>
    <ClCompile Include="SuperLU_4.3\CBLAS\dscal.c">
      <Filter>SuperLU4.3\CBLAS</Filter>
    </ClCompile>
    <ClCompile Include="SuperLU_4.3\CBLAS\dswap.c">
      <Filter>SuperLU4.3\CBLAS</Filter>
    </ClCompile>
    <ClCompile Include="SuperLU_4.3\CBLAS\dsymv.c">
      <Filter>SuperLU4.3\CBLAS</Filter>
    </ClCompile>
    <ClCompile Include="SuperLU_4.3\CBLAS\dsyr2.c">
      <Filter>SuperLU4.3\CBLAS</Filter>
    </ClCompile>
    <ClCompile Include="SuperLU_4.3\CBLAS\dtrsv.c">
      <Filter>SuperLU4.3\CBLAS</Filter>
    </ClCompile>
    <ClCompile Include="SuperLU_4.3\CBLAS\dzasum.c">
      <Filter>SuperLU4.3\CBLAS</Filter>
    </ClCompile>
    <ClCompile Include="SuperLU_4.3\CBLAS\dznrm2.c">
      <Filter>SuperLU4.3\CBLAS</Filter>
    </ClCompile>
    <ClCompile Include="SuperLU_4.3\CBLAS\icamax.c">
      <Filter>SuperLU4.3\CBLAS</Filter>
    </ClCompile>
    <ClCompile Include="SuperLU_4.3\CBLAS\idamax.c">
      <Filter>SuperLU4.3\CBLAS</Filter>
    </ClCompile>
    <ClCompile Include="SuperLU_4.3\CBLAS\isamax.c">
      <Filter>SuperLU4.3\CBLAS</Filter>
    </ClCompile>
    <ClCompile Include="SuperLU_4.3\CBLAS\izamax.c">
      <Filter>SuperLU4.3\CBLAS</Filter>
    </ClCompile>
    <ClCompile Include="SuperLU_4.3\CBLAS\sasum.c">
      <Filter>SuperLU4.3\CBLAS</Filter>
    </ClCompile>
    <ClCompile Include="SuperLU_4.3\CBLAS\saxpy.c">
      <Filter>SuperLU4.3\CBLAS</Filter>
    </ClCompile>
    <ClCompile Include="SuperLU_4.3\CBLAS\scasum.c">
      <Filter>SuperLU4.3\CBLAS</Filter>
    </ClCompile>
    <ClCompile Include="SuperLU_4.3\CBLAS\scnrm2.c">
      <Filter>SuperLU4.3\CBLAS</Filter>
    </ClCompile>
    <ClCompile Include="SuperLU_4.3\CBLAS\scopy.c">
      <Filter>SuperLU4.3\CBLAS</Filter>
    </ClCompile>
    <ClCompile Include="SuperLU_4.3\CBLAS\sdot.c">
      <Filter>SuperLU4.3\CBLAS</Filter>
    </ClCompile>
    <ClCompile Include="SuperLU_4.3\CBLAS\sgemv.c">
      <Filter>SuperLU4.3\CBLAS</Filter>
    </ClCompile>
    <ClCompile Include="SuperLU_4.3\CBLAS\sger.c">
      <Filter>SuperLU4.3\CBLAS</Filter>
    </ClCompile>
    <ClCompile Include="SuperLU_4.3\CBLAS\snrm2.c">
      <Filter>SuperLU4.3\CBLAS</Filter>
    </ClCompile>
    <ClCompile Include="SuperLU_4.3\CBLAS\srot.c">
      <Filter>SuperLU4.3\CBLAS</Filter>
    </ClCompile>
    <ClCompile Include="SuperLU_4.3\CBLAS\sscal.c">
      <Filter>SuperLU4.3\CBLAS</Filter>
    </ClCompile>
    <ClCompile Include="SuperLU_4.3\CBLAS\sswap.c">
      <Filter>SuperLU4.3\CBLAS</Filter>
    </ClCompile>
    <ClCompile Include="SuperLU_4.3\CBLAS\ssymv.c">
      <Filter>SuperLU4.3\CBLAS</Filter>
    </ClCompile>
    <ClCompile Include="SuperLU_4.3\CBLAS\ssyr2.c">
      <Filter>SuperLU4.3\CBLAS</Filter>
    </ClCompile>
    <ClCompile Include="SuperLU_4.3\CBLAS\strsv.c">
      <Filter>SuperLU4.3\CBLAS</Filter>
    </ClCompile>
    <ClCompile Include="SuperLU_4.3\CBLAS\zaxpy.c">
      <Filter>SuperLU4.3\CBLAS</Filter>
    </ClCompile>
    <ClCompile Include="SuperLU_4.3\CBLAS\zcopy.c">
      <Filter>SuperLU4.3\CBLAS</Filter>
    </ClCompile>
    <ClCompile Include="SuperLU_4.3\CBLAS\zdotc.c">
      <Filter>SuperLU4.3\CBLAS</Filter>
    </ClCompile>
    <ClCompile Include="SuperLU_4.3\CBLAS\zgemv.c">
      <Filter>SuperLU4.3\CBLAS</Filter>
    </ClCompile>
    <ClCompile Include="SuperLU_4.3\CBLAS\zgerc.c">
      <Filter>SuperLU4.3\CBLAS</Filter>
    </ClCompile>
    <ClCompile Include="SuperLU_4.3\CBLAS\zhemv.c">
      <Filter>SuperLU4.3\CBLAS</Filter>
    </ClCompile>
    <ClCompile Include="SuperLU_4.3\CBLAS\zher2.c">
      <Filter>SuperLU4.3\CBLAS</Filter>
    </ClCompile>
    <ClCompile Include="SuperLU_4.3\CBLAS\zscal.c">
      <Filter>SuperLU4.3\CBLAS</Filter>
    </ClCompile>
    <ClCompile Include="SuperLU_4.3\CBLAS\zswap.c">
      <Filter>SuperLU4.3\CBLAS</Filter>
    </ClCompile>
    <ClCompile Include="SuperLU_4.3\CBLAS\ztrsv.c">
      <Filter>SuperLU4.3\CBLAS</Filter>
    </ClCompile>
    <ClCompile Include="SparseMatrixData.cpp">
      <Filter>Source Files</Filter>
    </ClCompile>
    <ClCompile Include="SparseMatrixDataCol.cpp">
      <Filter>Source Files</Filter>
    </ClCompile>
    <ClCompile Include="SparseMatrixDataRow.cpp">
      <Filter>Source Files</Filter>
    </ClCompile>
  </ItemGroup>
  <ItemGroup>
    <ClInclude Include="SparseMatrix.h">
      <Filter>Header Files</Filter>
    </ClInclude>
    <ClInclude Include="SuperLU_4.3\SRC\colamd.h">
      <Filter>SuperLU4.3\SRC</Filter>
    </ClInclude>
    <ClInclude Include="SuperLU_4.3\SRC\html_mainpage.h">
      <Filter>SuperLU4.3\SRC</Filter>
    </ClInclude>
    <ClInclude Include="SuperLU_4.3\SRC\slu_cdefs.h">
      <Filter>SuperLU4.3\SRC</Filter>
    </ClInclude>
    <ClInclude Include="SuperLU_4.3\SRC\slu_dcomplex.h">
      <Filter>SuperLU4.3\SRC</Filter>
    </ClInclude>
    <ClInclude Include="SuperLU_4.3\SRC\slu_ddefs.h">
      <Filter>SuperLU4.3\SRC</Filter>
    </ClInclude>
    <ClInclude Include="SuperLU_4.3\SRC\slu_scomplex.h">
      <Filter>SuperLU4.3\SRC</Filter>
    </ClInclude>
    <ClInclude Include="SuperLU_4.3\SRC\slu_sdefs.h">
      <Filter>SuperLU4.3\SRC</Filter>
    </ClInclude>
    <ClInclude Include="SuperLU_4.3\SRC\slu_util.h">
      <Filter>SuperLU4.3\SRC</Filter>
    </ClInclude>
    <ClInclude Include="SuperLU_4.3\SRC\slu_zdefs.h">
      <Filter>SuperLU4.3\SRC</Filter>
    </ClInclude>
    <ClInclude Include="SuperLU_4.3\SRC\superlu_enum_consts.h">
      <Filter>SuperLU4.3\SRC</Filter>
    </ClInclude>
    <ClInclude Include="SuperLU_4.3\SRC\supermatrix.h">
      <Filter>SuperLU4.3\SRC</Filter>
    </ClInclude>
    <ClInclude Include="SuperLU_4.3\CBLAS\f2c.h">
      <Filter>SuperLU4.3\CBLAS</Filter>
    </ClInclude>
    <ClInclude Include="SuperLU_4.3\CBLAS\slu_Cnames.h">
      <Filter>SuperLU4.3\CBLAS</Filter>
    </ClInclude>
    <ClInclude Include="SuperLU_4.3\CBLAS\superlu_f2c.h">
      <Filter>SuperLU4.3\CBLAS</Filter>
    </ClInclude>
    <ClInclude Include="SuperLU_4.3\SRC\slu_Cnames.h">
      <Filter>SuperLU4.3\SRC</Filter>
    </ClInclude>
    <ClInclude Include="SparseMatrixData.h">
      <Filter>Header Files</Filter>
    </ClInclude>
    <ClInclude Include="SparseMatrixDataCol.h">
      <Filter>Header Files</Filter>
    </ClInclude>
    <ClInclude Include="SparseMatrixDataRow.h">
      <Filter>Header Files</Filter>
    </ClInclude>
  </ItemGroup>
  <ItemGroup>
    <None Include="SuperLU_4.3\SRC\cgsisx.c.bak">
      <Filter>SuperLU4.3\SRC</Filter>
    </None>
    <None Include="SuperLU_4.3\SRC\cgsitrf.c.bak">
      <Filter>SuperLU4.3\SRC</Filter>
    </None>
    <None Include="SuperLU_4.3\SRC\cgssvx.c.bak">
      <Filter>SuperLU4.3\SRC</Filter>
    </None>
    <None Include="SuperLU_4.3\SRC\clacon.c.bak">
      <Filter>SuperLU4.3\SRC</Filter>
    </None>
    <None Include="SuperLU_4.3\SRC\dgsisx.c.bak">
      <Filter>SuperLU4.3\SRC</Filter>
    </None>
    <None Include="SuperLU_4.3\SRC\dgsitrf.c.bak">
      <Filter>SuperLU4.3\SRC</Filter>
    </None>
    <None Include="SuperLU_4.3\SRC\dgssvx.c.bak">
      <Filter>SuperLU4.3\SRC</Filter>
    </None>
    <None Include="SuperLU_4.3\SRC\dlacon.c.bak">
      <Filter>SuperLU4.3\SRC</Filter>
    </None>
    <None Include="SuperLU_4.3\SRC\ilu_ccopy_to_ucol.c.bak">
      <Filter>SuperLU4.3\SRC</Filter>
    </None>
    <None Include="SuperLU_4.3\SRC\ilu_dcopy_to_ucol.c.bak">
      <Filter>SuperLU4.3\SRC</Filter>
    </None>
    <None Include="SuperLU_4.3\SRC\ilu_ddrop_row.c.bak">
      <Filter>SuperLU4.3\SRC</Filter>
    </None>
    <None Include="SuperLU_4.3\SRC\ilu_scopy_to_ucol.c.bak">
      <Filter>SuperLU4.3\SRC</Filter>
    </None>
    <None Include="SuperLU_4.3\SRC\ilu_zcopy_to_ucol.c.bak">
      <Filter>SuperLU4.3\SRC</Filter>
    </None>
    <None Include="SuperLU_4.3\SRC\Makefile">
      <Filter>SuperLU4.3\SRC</Filter>
    </None>
    <None Include="SuperLU_4.3\SRC\mc64ad.f.bak">
      <Filter>SuperLU4.3\SRC</Filter>
    </None>
    <None Include="SuperLU_4.3\SRC\sgsisx.c.bak">
      <Filter>SuperLU4.3\SRC</Filter>
    </None>
    <None Include="SuperLU_4.3\SRC\sgsitrf.c.bak">
      <Filter>SuperLU4.3\SRC</Filter>
    </None>
    <None Include="SuperLU_4.3\SRC\slacon.c.bak">
      <Filter>SuperLU4.3\SRC</Filter>
    </None>
    <None Include="SuperLU_4.3\SRC\temp">
      <Filter>SuperLU4.3\SRC</Filter>
    </None>
    <None Include="SuperLU_4.3\SRC\zgsisx.c.bak">
      <Filter>SuperLU4.3\SRC</Filter>
    </None>
    <None Include="SuperLU_4.3\SRC\zgsitrf.c.bak">
      <Filter>SuperLU4.3\SRC</Filter>
    </None>
    <None Include="SuperLU_4.3\SRC\zlacon.c.bak">
      <Filter>SuperLU4.3\SRC</Filter>
    </None>
    <None Include="SuperLU_4.3\CBLAS\Makefile">
      <Filter>SuperLU4.3\CBLAS</Filter>
    </None>
  </ItemGroup>
</Project>