<?xml version="1.0" encoding="utf-8"?>
<Project ToolsVersion="4.0" xmlns="http://schemas.microsoft.com/developer/msbuild/2003">
  <ItemGroup>
    <ClCompile Include="SparseMatrix.cpp" />
    <ClCompile Include="SparseMatrixData.cpp" />
    <ClCompile Include="CBLAS\daxpy.c">
      <Filter>cblas</Filter>
    </ClCompile>
    <ClCompile Include="CBLAS\dcopy.c">
      <Filter>cblas</Filter>
    </ClCompile>
    <ClCompile Include="CBLAS\ddot.c">
      <Filter>cblas</Filter>
    </ClCompile>
    <ClCompile Include="CBLAS\dscal.c">
      <Filter>cblas</Filter>
    </ClCompile>
  </ItemGroup>
  <ItemGroup>
    <ClInclude Include="RC.h" />
    <ClInclude Include="SparseMatrix.h" />
    <ClInclude Include="SparseMatrixData.h" />
    <ClInclude Include="CBLAS\f2c.h">
      <Filter>cblas</Filter>
    </ClInclude>
    <ClInclude Include="CBLAS\slu_Cnames.h">
      <Filter>cblas</Filter>
    </ClInclude>
  </ItemGroup>
  <ItemGroup>
    <Filter Include="cblas">
      <UniqueIdentifier>{84c60db9-e1db-4950-986c-2be9f8d88bb0}</UniqueIdentifier>
    </Filter>
  </ItemGroup>
</Project>