<?xml version="1.0" encoding="UTF-8" standalone="yes" ?>
<CodeBlocks_project_file>
	<FileVersion major="1" minor="6" />
	<Project>
		<Option title="SparseMatrix" />
		<Option pch_mode="2" />
		<Option compiler="gnu_gcc_compiler_x64" />
		<Build>
			<Target title="Debug">
				<Option output="../libs/Debug/SparseMatrix" prefix_auto="1" extension_auto="1" />
				<Option working_dir="" />
				<Option object_output="obj/Debug/" />
				<Option type="2" />
				<Option compiler="gcc" />
				<Option createDefFile="1" />
				<Compiler>
					<Add option="-std=c++11" />
					<Add option="-Wall" />
					<Add option="-g" />
					<Add directory="../SparseMatrix" />
					<Add directory="include" />
				</Compiler>
			</Target>
			<Target title="Release">
				<Option output="../libs/Release/SparseMatrix" prefix_auto="1" extension_auto="1" />
				<Option working_dir="" />
				<Option object_output="obj/Release/" />
				<Option type="2" />
				<Option compiler="gcc" />
				<Option createDefFile="1" />
				<Compiler>
					<Add option="-O2" />
					<Add option="-std=c++11" />
					<Add option="-Wall" />
					<Add directory="../SparseMatrix" />
					<Add directory="include" />
				</Compiler>
				<Linker>
					<Add option="-s" />
				</Linker>
			</Target>
			<Target title="Test">
				<Option output="bin/Debug/SparseMatrix" prefix_auto="1" extension_auto="1" />
				<Option working_dir="bin/Debug" />
				<Option object_output="obj/Debug/" />
				<Option type="1" />
				<Option compiler="gcc" />
				<Compiler>
					<Add option="-std=c++11" />
					<Add option="-Wextra" />
					<Add option="-Wall" />
					<Add option="-g" />
					<Add directory="../libs/gtest/include" />
					<Add directory="../SparseMatrix" />
					<Add directory="include" />
				</Compiler>
				<Linker>
					<Add library="libgtest.a" />
					<Add library="libgomp.a" />
					<Add library="libpthread.a" />
					<Add directory="../libs/gtest" />
				</Linker>
			</Target>
		</Build>
		<Compiler>
			<Add option="-fopenmp" />
		</Compiler>
		<Unit filename="CBLAS/daxpy.c">
			<Option compilerVar="CC" />
		</Unit>
		<Unit filename="CBLAS/dcopy.c">
			<Option compilerVar="CC" />
		</Unit>
		<Unit filename="CBLAS/ddot.c">
			<Option compilerVar="CC" />
		</Unit>
		<Unit filename="CBLAS/dscal.c">
			<Option compilerVar="CC" />
		</Unit>
		<Unit filename="CBLAS/f2c.h" />
		<Unit filename="CBLAS/slu_Cnames.h" />
		<Unit filename="SparseMatrix-lsover.cpp" />
		<Unit filename="SparseMatrix.cpp" />
		<Unit filename="SparseMatrix.h" />
		<Unit filename="SparseMatrixData.cpp" />
		<Unit filename="SparseMatrixData.h" />
		<Unit filename="include/GLObject.h" />
		<Unit filename="test/SparseMatrixTest.cpp">
			<Option target="Test" />
		</Unit>
		<Unit filename="test/SparseMatrixTest.h">
			<Option target="Test" />
		</Unit>
		<Unit filename="test/test.cpp">
			<Option target="Test" />
		</Unit>
		<Extensions>
			<code_completion />
			<envvars />
			<debugger />
			<lib_finder disable_auto="1" />
		</Extensions>
	</Project>
</CodeBlocks_project_file>
